{
  "name": "node-dts-client",
  "version": "1.0.0",
  "lockfileVersion": 1,
  "requires": true,
  "dependencies": {
    "bigint-crypto-utils": {
      "version": "2.4.1",
      "resolved": "https://registry.npmjs.org/bigint-crypto-utils/-/bigint-crypto-utils-2.4.1.tgz",
      "integrity": "sha512-p7dcPlP0W08/RaGoDdqu5pAcH3lNAlPqlkeksaQYYXRX4odlUoRXz1dygO/tR/E1oIi/sas1kdQdf4Y7+8aEdw=="
    }
  }
}
